
Microsoft Visual Studio Solution File, Format Version 12.00
# Visual Studio 15
VisualStudioVersion = 15.0.26124.0
MinimumVisualStudioVersion = 15.0.26124.0
Project("{FAE04EC0-301F-11D3-BF4B-00C04F79EFBC}") = "CT.DistanceAPI.Tests", "CT.DistanceAPI.Tests\CT.DistanceAPI.Tests.csproj", "{D38A9F93-F3F0-463D-9444-21FD0A9A1E09}"
EndProject
Project("{FAE04EC0-301F-11D3-BF4B-00C04F79EFBC}") = "CT.DistanceAPI", "CT.DistanceAPI\CT.DistanceAPI.csproj", "{38DD3CA4-453A-4E62-ADFE-BF1D678885D8}"
EndProject
Global
	GlobalSection(SolutionConfigurationPlatforms) = preSolution
		Debug|Any CPU = Debug|Any CPU
		Debug|x64 = Debug|x64
		Debug|x86 = Debug|x86
		Release|Any CPU = Release|Any CPU
		Release|x64 = Release|x64
		Release|x86 = Release|x86
	EndGlobalSection
	GlobalSection(SolutionProperties) = preSolution
		HideSolutionNode = FALSE
	EndGlobalSection
	GlobalSection(ProjectConfigurationPlatforms) = postSolution
		{D38A9F93-F3F0-463D-9444-21FD0A9A1E09}.Debug|Any CPU.ActiveCfg = Debug|Any CPU
		{D38A9F93-F3F0-463D-9444-21FD0A9A1E09}.Debug|Any CPU.Build.0 = Debug|Any CPU
		{D38A9F93-F3F0-463D-9444-21FD0A9A1E09}.Debug|x64.ActiveCfg = Debug|Any CPU
		{D38A9F93-F3F0-463D-9444-21FD0A9A1E09}.Debug|x64.Build.0 = Debug|Any CPU
		{D38A9F93-F3F0-463D-9444-21FD0A9A1E09}.Debug|x86.ActiveCfg = Debug|Any CPU
		{D38A9F93-F3F0-463D-9444-21FD0A9A1E09}.Debug|x86.Build.0 = Debug|Any CPU
		{D38A9F93-F3F0-463D-9444-21FD0A9A1E09}.Release|Any CPU.ActiveCfg = Release|Any CPU
		{D38A9F93-F3F0-463D-9444-21FD0A9A1E09}.Release|Any CPU.Build.0 = Release|Any CPU
		{D38A9F93-F3F0-463D-9444-21FD0A9A1E09}.Release|x64.ActiveCfg = Release|Any CPU
		{D38A9F93-F3F0-463D-9444-21FD0A9A1E09}.Release|x64.Build.0 = Release|Any CPU
		{D38A9F93-F3F0-463D-9444-21FD0A9A1E09}.Release|x86.ActiveCfg = Release|Any CPU
		{D38A9F93-F3F0-463D-9444-21FD0A9A1E09}.Release|x86.Build.0 = Release|Any CPU
		{38DD3CA4-453A-4E62-ADFE-BF1D678885D8}.Debug|Any CPU.ActiveCfg = Debug|Any CPU
		{38DD3CA4-453A-4E62-ADFE-BF1D678885D8}.Debug|Any CPU.Build.0 = Debug|Any CPU
		{38DD3CA4-453A-4E62-ADFE-BF1D678885D8}.Debug|x64.ActiveCfg = Debug|Any CPU
		{38DD3CA4-453A-4E62-ADFE-BF1D678885D8}.Debug|x64.Build.0 = Debug|Any CPU
		{38DD3CA4-453A-4E62-ADFE-BF1D678885D8}.Debug|x86.ActiveCfg = Debug|Any CPU
		{38DD3CA4-453A-4E62-ADFE-BF1D678885D8}.Debug|x86.Build.0 = Debug|Any CPU
		{38DD3CA4-453A-4E62-ADFE-BF1D678885D8}.Release|Any CPU.ActiveCfg = Release|Any CPU
		{38DD3CA4-453A-4E62-ADFE-BF1D678885D8}.Release|Any CPU.Build.0 = Release|Any CPU
		{38DD3CA4-453A-4E62-ADFE-BF1D678885D8}.Release|x64.ActiveCfg = Release|Any CPU
		{38DD3CA4-453A-4E62-ADFE-BF1D678885D8}.Release|x64.Build.0 = Release|Any CPU
		{38DD3CA4-453A-4E62-ADFE-BF1D678885D8}.Release|x86.ActiveCfg = Release|Any CPU
		{38DD3CA4-453A-4E62-ADFE-BF1D678885D8}.Release|x86.Build.0 = Release|Any CPU
	EndGlobalSection
EndGlobal
